{
  "name": "fancytree-autocomplete",
  "version": "1.0.0",
  "lockfileVersion": 1,
  "requires": true,
  "dependencies": {
    "jquery": {
      "version": "3.4.1",
      "resolved": "https://registry.npmjs.org/jquery/-/jquery-3.4.1.tgz",
      "integrity": "sha512-36+AdBzCL+y6qjw5Tx7HgzeGCzC81MDDgaUP8ld2zhx58HdqXGoBd+tHdrBMiyjGQs0Hxs/MLZTu/eHNJJuWPw=="
    },
    "jquery-ui": {
      "version": "1.12.1",
      "resolved": "https://registry.npmjs.org/jquery-ui/-/jquery-ui-1.12.1.tgz",
      "integrity": "sha1-vLQEXI3QU5wTS8FIjN0+dop6nlE="
    },
    "jquery.fancytree": {
      "version": "2.34.0",
      "resolved": "https://registry.npmjs.org/jquery.fancytree/-/jquery.fancytree-2.34.0.tgz",
      "integrity": "sha512-GFHdiEG6D5V+sE1hq6WCLOK48d2FFutVqG3qzV73pOrCNQpHCTWDpw4anm9wWk7128nbrR/BXVk4PtxuQxEszA=="
    }
  }
}
